
Microsoft Visual Studio Solution File, Format Version 12.00
# Visual Studio Version 17
VisualStudioVersion = 17.2.33829.164
MinimumVisualStudioVersion = 10.0.40219.1
Project("{FAE04EC0-301F-11D3-BF4B-00C04F79EFBC}") = "MsbuildPractise", "MsbuildPractise\MsbuildPractise.csproj", "{616E5874-FD3C-4C37-B0ED-606C309E9AC3}"
EndProject
Global
	GlobalSection(SolutionConfigurationPlatforms) = preSolution
		Debug|Any CPU = Debug|Any CPU
		Release|Any CPU = Release|Any CPU
	EndGlobalSection
	GlobalSection(ProjectConfigurationPlatforms) = postSolution
		{616E5874-FD3C-4C37-B0ED-606C309E9AC3}.Debug|Any CPU.ActiveCfg = Debug|Any CPU
		{616E5874-FD3C-4C37-B0ED-606C309E9AC3}.Debug|Any CPU.Build.0 = Debug|Any CPU
		{616E5874-FD3C-4C37-B0ED-606C309E9AC3}.Release|Any CPU.ActiveCfg = Release|Any CPU
		{616E5874-FD3C-4C37-B0ED-606C309E9AC3}.Release|Any CPU.Build.0 = Release|Any CPU
	EndGlobalSection
	GlobalSection(SolutionProperties) = preSolution
		HideSolutionNode = FALSE
	EndGlobalSection
	GlobalSection(ExtensibilityGlobals) = postSolution
		SolutionGuid = {B76409AC-EB73-4218-BA30-1CFD1BF52D34}
	EndGlobalSection
EndGlobal
